// !$*UTF8*$!
{
	archiveVersion = 1;
	classes = {
	};
	objectVersion = 56;
	objects = {

/* Begin PBXBuildFile section */
		819646682C96CA0F00187231 /* AppDelegate.swift in Sources */ = {isa = PBXBuildFile; fileRef = 819646672C96CA0F00187231 /* AppDelegate.swift */; };
		8196466A2C96CA0F00187231 /* SceneDelegate.swift in Sources */ = {isa = PBXBuildFile; fileRef = 819646692C96CA0F00187231 /* SceneDelegate.swift */; };
		8196466C2C96CA0F00187231 /* ViewController.swift in Sources */ = {isa = PBXBuildFile; fileRef = 8196466B2C96CA0F00187231 /* ViewController.swift */; };
		8196466F2C96CA0F00187231 /* Base in Resources */ = {isa = PBXBuildFile; fileRef = 8196466E2C96CA0F00187231 /* Base */; };
		819646712C96CA1000187231 /* Assets.xcassets in Resources */ = {isa = PBXBuildFile; fileRef = 819646702C96CA1000187231 /* Assets.xcassets */; };
		819646742C96CA1000187231 /* Base in Resources */ = {isa = PBXBuildFile; fileRef = 819646732C96CA1000187231 /* Base */; };
		8196467E2C96D93F00187231 /* CountyViewController.swift in Sources */ = {isa = PBXBuildFile; fileRef = 8196467D2C96D93F00187231 /* CountyViewController.swift */; };
		819646802C96DEE000187231 /* CityViewController.swift in Sources */ = {isa = PBXBuildFile; fileRef = 8196467F2C96DEE000187231 /* CityViewController.swift */; };
		819646832C96FCF600187231 /* UserData.swift in Sources */ = {isa = PBXBuildFile; fileRef = 819646822C96FCF600187231 /* UserData.swift */; };
		819646872C9763F500187231 /* CountryData.swift in Sources */ = {isa = PBXBuildFile; fileRef = 819646862C9763F500187231 /* CountryData.swift */; };
		81A6FC242C98342B00688927 /* CountryTableCellView.swift in Sources */ = {isa = PBXBuildFile; fileRef = 81A6FC232C98342B00688927 /* CountryTableCellView.swift */; };
		81A7B7C52C9EB666004E14C6 /* CollectionViewController.swift in Sources */ = {isa = PBXBuildFile; fileRef = 81A7B7C42C9EB666004E14C6 /* CollectionViewController.swift */; };
		81A7B7C72C9EB9E1004E14C6 /* CustomCollectionViewCell.swift in Sources */ = {isa = PBXBuildFile; fileRef = 81A7B7C62C9EB9E1004E14C6 /* CustomCollectionViewCell.swift */; };
		81A7B7C92C9EEF3B004E14C6 /* CityCollectionViewController.swift in Sources */ = {isa = PBXBuildFile; fileRef = 81A7B7C82C9EEF3B004E14C6 /* CityCollectionViewController.swift */; };
/* End PBXBuildFile section */

/* Begin PBXFileReference section */
		819646642C96CA0F00187231 /* MyCountryApp.app */ = {isa = PBXFileReference; explicitFileType = wrapper.application; includeInIndex = 0; path = MyCountryApp.app; sourceTree = BUILT_PRODUCTS_DIR; };
		819646672C96CA0F00187231 /* AppDelegate.swift */ = {isa = PBXFileReference; lastKnownFileType = sourcecode.swift; path = AppDelegate.swift; sourceTree = "<group>"; };
		819646692C96CA0F00187231 /* SceneDelegate.swift */ = {isa = PBXFileReference; lastKnownFileType = sourcecode.swift; path = SceneDelegate.swift; sourceTree = "<group>"; };
		8196466B2C96CA0F00187231 /* ViewController.swift */ = {isa = PBXFileReference; lastKnownFileType = sourcecode.swift; path = ViewController.swift; sourceTree = "<group>"; };
		8196466E2C96CA0F00187231 /* Base */ = {isa = PBXFileReference; lastKnownFileType = file.storyboard; name = Base; path = Base.lproj/Main.storyboard; sourceTree = "<group>"; };
		819646702C96CA1000187231 /* Assets.xcassets */ = {isa = PBXFileReference; lastKnownFileType = folder.assetcatalog; path = Assets.xcassets; sourceTree = "<group>"; };
		819646732C96CA1000187231 /* Base */ = {isa = PBXFileReference; lastKnownFileType = file.storyboard; name = Base; path = Base.lproj/LaunchScreen.storyboard; sourceTree = "<group>"; };
		819646752C96CA1000187231 /* Info.plist */ = {isa = PBXFileReference; lastKnownFileType = text.plist.xml; path = Info.plist; sourceTree = "<group>"; };
		8196467D2C96D93F00187231 /* CountyViewController.swift */ = {isa = PBXFileReference; lastKnownFileType = sourcecode.swift; path = CountyViewController.swift; sourceTree = "<group>"; };
		8196467F2C96DEE000187231 /* CityViewController.swift */ = {isa = PBXFileReference; lastKnownFileType = sourcecode.swift; path = CityViewController.swift; sourceTree = "<group>"; };
		819646822C96FCF600187231 /* UserData.swift */ = {isa = PBXFileReference; lastKnownFileType = sourcecode.swift; path = UserData.swift; sourceTree = "<group>"; };
		819646862C9763F500187231 /* CountryData.swift */ = {isa = PBXFileReference; lastKnownFileType = sourcecode.swift; path = CountryData.swift; sourceTree = "<group>"; };
		81A6FC232C98342B00688927 /* CountryTableCellView.swift */ = {isa = PBXFileReference; lastKnownFileType = sourcecode.swift; path = CountryTableCellView.swift; sourceTree = "<group>"; };
		81A7B7C42C9EB666004E14C6 /* CollectionViewController.swift */ = {isa = PBXFileReference; lastKnownFileType = sourcecode.swift; path = CollectionViewController.swift; sourceTree = "<group>"; };
		81A7B7C62C9EB9E1004E14C6 /* CustomCollectionViewCell.swift */ = {isa = PBXFileReference; lastKnownFileType = sourcecode.swift; path = CustomCollectionViewCell.swift; sourceTree = "<group>"; };
		81A7B7C82C9EEF3B004E14C6 /* CityCollectionViewController.swift */ = {isa = PBXFileReference; lastKnownFileType = sourcecode.swift; path = CityCollectionViewController.swift; sourceTree = "<group>"; };
/* End PBXFileReference section */

/* Begin PBXFrameworksBuildPhase section */
		819646612C96CA0F00187231 /* Frameworks */ = {
			isa = PBXFrameworksBuildPhase;
			buildActionMask = 2147483647;
			files = (
			);
			runOnlyForDeploymentPostprocessing = 0;
		};
/* End PBXFrameworksBuildPhase section */

/* Begin PBXGroup section */
		8196465B2C96CA0F00187231 = {
			isa = PBXGroup;
			children = (
				819646662C96CA0F00187231 /* MyCountryApp */,
				819646652C96CA0F00187231 /* Products */,
			);
			sourceTree = "<group>";
		};
		819646652C96CA0F00187231 /* Products */ = {
			isa = PBXGroup;
			children = (
				819646642C96CA0F00187231 /* MyCountryApp.app */,
			);
			name = Products;
			sourceTree = "<group>";
		};
		819646662C96CA0F00187231 /* MyCountryApp */ = {
			isa = PBXGroup;
			children = (
				81A6FC222C98341400688927 /* View */,
				819646812C96FCDF00187231 /* Models */,
				8196467C2C96D90500187231 /* Controller */,
				819646672C96CA0F00187231 /* AppDelegate.swift */,
				819646692C96CA0F00187231 /* SceneDelegate.swift */,
				8196466D2C96CA0F00187231 /* Main.storyboard */,
				819646702C96CA1000187231 /* Assets.xcassets */,
				819646722C96CA1000187231 /* LaunchScreen.storyboard */,
				819646752C96CA1000187231 /* Info.plist */,
			);
			path = MyCountryApp;
			sourceTree = "<group>";
		};
		8196467C2C96D90500187231 /* Controller */ = {
			isa = PBXGroup;
			children = (
				8196466B2C96CA0F00187231 /* ViewController.swift */,
				8196467D2C96D93F00187231 /* CountyViewController.swift */,
				8196467F2C96DEE000187231 /* CityViewController.swift */,
				81A7B7C42C9EB666004E14C6 /* CollectionViewController.swift */,
				81A7B7C82C9EEF3B004E14C6 /* CityCollectionViewController.swift */,
			);
			name = Controller;
			sourceTree = "<group>";
		};
		819646812C96FCDF00187231 /* Models */ = {
			isa = PBXGroup;
			children = (
				819646822C96FCF600187231 /* UserData.swift */,
				819646862C9763F500187231 /* CountryData.swift */,
			);
			path = Models;
			sourceTree = "<group>";
		};
		81A6FC222C98341400688927 /* View */ = {
			isa = PBXGroup;
			children = (
				81A6FC232C98342B00688927 /* CountryTableCellView.swift */,
				81A7B7C62C9EB9E1004E14C6 /* CustomCollectionViewCell.swift */,
			);
			name = View;
			sourceTree = "<group>";
		};
/* End PBXGroup section */

/* Begin PBXNativeTarget section */
		819646632C96CA0F00187231 /* MyCountryApp */ = {
			isa = PBXNativeTarget;
			buildConfigurationList = 819646782C96CA1000187231 /* Build configuration list for PBXNativeTarget "MyCountryApp" */;
			buildPhases = (
				819646602C96CA0F00187231 /* Sources */,
				819646612C96CA0F00187231 /* Frameworks */,
				819646622C96CA0F00187231 /* Resources */,
			);
			buildRules = (
			);
			dependencies = (
			);
			name = MyCountryApp;
			productName = MyCountryApp;
			productReference = 819646642C96CA0F00187231 /* MyCountryApp.app */;
			productType = "com.apple.product-type.application";
		};
/* End PBXNativeTarget section */

/* Begin PBXProject section */
		8196465C2C96CA0F00187231 /* Project object */ = {
			isa = PBXProject;
			attributes = {
				BuildIndependentTargetsInParallel = 1;
				LastSwiftUpdateCheck = 1540;
				LastUpgradeCheck = 1540;
				TargetAttributes = {
					819646632C96CA0F00187231 = {
						CreatedOnToolsVersion = 15.4;
					};
				};
			};
			buildConfigurationList = 8196465F2C96CA0F00187231 /* Build configuration list for PBXProject "MyCountryApp" */;
			compatibilityVersion = "Xcode 14.0";
			developmentRegion = en;
			hasScannedForEncodings = 0;
			knownRegions = (
				en,
				Base,
			);
			mainGroup = 8196465B2C96CA0F00187231;
			productRefGroup = 819646652C96CA0F00187231 /* Products */;
			projectDirPath = "";
			projectRoot = "";
			targets = (
				819646632C96CA0F00187231 /* MyCountryApp */,
			);
		};
/* End PBXProject section */

/* Begin PBXResourcesBuildPhase section */
		819646622C96CA0F00187231 /* Resources */ = {
			isa = PBXResourcesBuildPhase;
			buildActionMask = 2147483647;
			files = (
				819646712C96CA1000187231 /* Assets.xcassets in Resources */,
				819646742C96CA1000187231 /* Base in Resources */,
				8196466F2C96CA0F00187231 /* Base in Resources */,
			);
			runOnlyForDeploymentPostprocessing = 0;
		};
/* End PBXResourcesBuildPhase section */

/* Begin PBXSourcesBuildPhase section */
		819646602C96CA0F00187231 /* Sources */ = {
			isa = PBXSourcesBuildPhase;
			buildActionMask = 2147483647;
			files = (
				81A7B7C52C9EB666004E14C6 /* CollectionViewController.swift in Sources */,
				81A7B7C72C9EB9E1004E14C6 /* CustomCollectionViewCell.swift in Sources */,
				819646832C96FCF600187231 /* UserData.swift in Sources */,
				8196466C2C96CA0F00187231 /* ViewController.swift in Sources */,
				819646872C9763F500187231 /* CountryData.swift in Sources */,
				819646802C96DEE000187231 /* CityViewController.swift in Sources */,
				81A7B7C92C9EEF3B004E14C6 /* CityCollectionViewController.swift in Sources */,
				81A6FC242C98342B00688927 /* CountryTableCellView.swift in Sources */,
				819646682C96CA0F00187231 /* AppDelegate.swift in Sources */,
				8196467E2C96D93F00187231 /* CountyViewController.swift in Sources */,
				8196466A2C96CA0F00187231 /* SceneDelegate.swift in Sources */,
			);
			runOnlyForDeploymentPostprocessing = 0;
		};
/* End PBXSourcesBuildPhase section */

/* Begin PBXVariantGroup section */
		8196466D2C96CA0F00187231 /* Main.storyboard */ = {
			isa = PBXVariantGroup;
			children = (
				8196466E2C96CA0F00187231 /* Base */,
			);
			name = Main.storyboard;
			sourceTree = "<group>";
		};
		819646722C96CA1000187231 /* LaunchScreen.storyboard */ = {
			isa = PBXVariantGroup;
			children = (
				819646732C96CA1000187231 /* Base */,
			);
			name = LaunchScreen.storyboard;
			sourceTree = "<group>";
		};
/* End PBXVariantGroup section */

/* Begin XCBuildConfiguration section */
		819646762C96CA1000187231 /* Debug */ = {
			isa = XCBuildConfiguration;
			buildSettings = {
				ALWAYS_SEARCH_USER_PATHS = NO;
				ASSETCATALOG_COMPILER_GENERATE_SWIFT_ASSET_SYMBOL_EXTENSIONS = YES;
				CLANG_ANALYZER_NONNULL = YES;
				CLANG_ANALYZER_NUMBER_OBJECT_CONVERSION = YES_AGGRESSIVE;
				CLANG_CXX_LANGUAGE_STANDARD = "gnu++20";
				CLANG_ENABLE_MODULES = YES;
				CLANG_ENABLE_OBJC_ARC = YES;
				CLANG_ENABLE_OBJC_WEAK = YES;
				CLANG_WARN_BLOCK_CAPTURE_AUTORELEASING = YES;
				CLANG_WARN_BOOL_CONVERSION = YES;
				CLANG_WARN_COMMA = YES;
				CLANG_WARN_CONSTANT_CONVERSION = YES;
				CLANG_WARN_DEPRECATED_OBJC_IMPLEMENTATIONS = YES;
				CLANG_WARN_DIRECT_OBJC_ISA_USAGE = YES_ERROR;
				CLANG_WARN_DOCUMENTATION_COMMENTS = YES;
				CLANG_WARN_EMPTY_BODY = YES;
				CLANG_WARN_ENUM_CONVERSION = YES;
				CLANG_WARN_INFINITE_RECURSION = YES;
				CLANG_WARN_INT_CONVERSION = YES;
				CLANG_WARN_NON_LITERAL_NULL_CONVERSION = YES;
				CLANG_WARN_OBJC_IMPLICIT_RETAIN_SELF = YES;
				CLANG_WARN_OBJC_LITERAL_CONVERSION = YES;
				CLANG_WARN_OBJC_ROOT_CLASS = YES_ERROR;
				CLANG_WARN_QUOTED_INCLUDE_IN_FRAMEWORK_HEADER = YES;
				CLANG_WARN_RANGE_LOOP_ANALYSIS = YES;
				CLANG_WARN_STRICT_PROTOTYPES = YES;
				CLANG_WARN_SUSPICIOUS_MOVE = YES;
				CLANG_WARN_UNGUARDED_AVAILABILITY = YES_AGGRESSIVE;
				CLANG_WARN_UNREACHABLE_CODE = YES;
				CLANG_WARN__DUPLICATE_METHOD_MATCH = YES;
				COPY_PHASE_STRIP = NO;
				DEBUG_INFORMATION_FORMAT = dwarf;
				ENABLE_STRICT_OBJC_MSGSEND = YES;
				ENABLE_TESTABILITY = YES;
				ENABLE_USER_SCRIPT_SANDBOXING = YES;
				GCC_C_LANGUAGE_STANDARD = gnu17;
				GCC_DYNAMIC_NO_PIC = NO;
				GCC_NO_COMMON_BLOCKS = YES;
				GCC_OPTIMIZATION_LEVEL = 0;
				GCC_PREPROCESSOR_DEFINITIONS = (
					"DEBUG=1",
					"$(inherited)",
				);
				GCC_WARN_64_TO_32_BIT_CONVERSION = YES;
				GCC_WARN_ABOUT_RETURN_TYPE = YES_ERROR;
				GCC_WARN_UNDECLARED_SELECTOR = YES;
				GCC_WARN_UNINITIALIZED_AUTOS = YES_AGGRESSIVE;
				GCC_WARN_UNUSED_FUNCTION = YES;
				GCC_WARN_UNUSED_VARIABLE = YES;
				IPHONEOS_DEPLOYMENT_TARGET = 17.5;
				LOCALIZATION_PREFERS_STRING_CATALOGS = YES;
				MTL_ENABLE_DEBUG_INFO = INCLUDE_SOURCE;
				MTL_FAST_MATH = YES;
				ONLY_ACTIVE_ARCH = YES;
				SDKROOT = iphoneos;
				SWIFT_ACTIVE_COMPILATION_CONDITIONS = "DEBUG $(inherited)";
				SWIFT_OPTIMIZATION_LEVEL = "-Onone";
			};
			name = Debug;
		};
		819646772C96CA1000187231 /* Release */ = {
			isa = XCBuildConfiguration;
			buildSettings = {
				ALWAYS_SEARCH_USER_PATHS = NO;
				ASSETCATALOG_COMPILER_GENERATE_SWIFT_ASSET_SYMBOL_EXTENSIONS = YES;
				CLANG_ANALYZER_NONNULL = YES;
				CLANG_ANALYZER_NUMBER_OBJECT_CONVERSION = YES_AGGRESSIVE;
				CLANG_CXX_LANGUAGE_STANDARD = "gnu++20";
				CLANG_ENABLE_MODULES = YES;
				CLANG_ENABLE_OBJC_ARC = YES;
				CLANG_ENABLE_OBJC_WEAK = YES;
				CLANG_WARN_BLOCK_CAPTURE_AUTORELEASING = YES;
				CLANG_WARN_BOOL_CONVERSION = YES;
				CLANG_WARN_COMMA = YES;
				CLANG_WARN_CONSTANT_CONVERSION = YES;
				CLANG_WARN_DEPRECATED_OBJC_IMPLEMENTATIONS = YES;
				CLANG_WARN_DIRECT_OBJC_ISA_USAGE = YES_ERROR;
				CLANG_WARN_DOCUMENTATION_COMMENTS = YES;
				CLANG_WARN_EMPTY_BODY = YES;
				CLANG_WARN_ENUM_CONVERSION = YES;
				CLANG_WARN_INFINITE_RECURSION = YES;
				CLANG_WARN_INT_CONVERSION = YES;
				CLANG_WARN_NON_LITERAL_NULL_CONVERSION = YES;
				CLANG_WARN_OBJC_IMPLICIT_RETAIN_SELF = YES;
				CLANG_WARN_OBJC_LITERAL_CONVERSION = YES;
				CLANG_WARN_OBJC_ROOT_CLASS = YES_ERROR;
				CLANG_WARN_QUOTED_INCLUDE_IN_FRAMEWORK_HEADER = YES;
				CLANG_WARN_RANGE_LOOP_ANALYSIS = YES;
				CLANG_WARN_STRICT_PROTOTYPES = YES;
				CLANG_WARN_SUSPICIOUS_MOVE = YES;
				CLANG_WARN_UNGUARDED_AVAILABILITY = YES_AGGRESSIVE;
				CLANG_WARN_UNREACHABLE_CODE = YES;
				CLANG_WARN__DUPLICATE_METHOD_MATCH = YES;
				COPY_PHASE_STRIP = NO;
				DEBUG_INFORMATION_FORMAT = "dwarf-with-dsym";
				ENABLE_NS_ASSERTIONS = NO;
				ENABLE_STRICT_OBJC_MSGSEND = YES;
				ENABLE_USER_SCRIPT_SANDBOXING = YES;
				GCC_C_LANGUAGE_STANDARD = gnu17;
				GCC_NO_COMMON_BLOCKS = YES;
				GCC_WARN_64_TO_32_BIT_CONVERSION = YES;
				GCC_WARN_ABOUT_RETURN_TYPE = YES_ERROR;
				GCC_WARN_UNDECLARED_SELECTOR = YES;
				GCC_WARN_UNINITIALIZED_AUTOS = YES_AGGRESSIVE;
				GCC_WARN_UNUSED_FUNCTION = YES;
				GCC_WARN_UNUSED_VARIABLE = YES;
				IPHONEOS_DEPLOYMENT_TARGET = 17.5;
				LOCALIZATION_PREFERS_STRING_CATALOGS = YES;
				MTL_ENABLE_DEBUG_INFO = NO;
				MTL_FAST_MATH = YES;
				SDKROOT = iphoneos;
				SWIFT_COMPILATION_MODE = wholemodule;
				VALIDATE_PRODUCT = YES;
			};
			name = Release;
		};
		819646792C96CA1000187231 /* Debug */ = {
			isa = XCBuildConfiguration;
			buildSettings = {
				ASSETCATALOG_COMPILER_APPICON_NAME = AppIcon;
				ASSETCATALOG_COMPILER_GLOBAL_ACCENT_COLOR_NAME = AccentColor;
				CODE_SIGN_STYLE = Automatic;
				CURRENT_PROJECT_VERSION = 1;
				GENERATE_INFOPLIST_FILE = YES;
				INFOPLIST_FILE = MyCountryApp/Info.plist;
				INFOPLIST_KEY_UIApplicationSupportsIndirectInputEvents = YES;
				INFOPLIST_KEY_UILaunchStoryboardName = LaunchScreen;
				INFOPLIST_KEY_UIMainStoryboardFile = Main;
				INFOPLIST_KEY_UISupportedInterfaceOrientations_iPad = "UIInterfaceOrientationPortrait UIInterfaceOrientationPortraitUpsideDown UIInterfaceOrientationLandscapeLeft UIInterfaceOrientationLandscapeRight";
				INFOPLIST_KEY_UISupportedInterfaceOrientations_iPhone = "UIInterfaceOrientationPortrait UIInterfaceOrientationLandscapeLeft UIInterfaceOrientationLandscapeRight";
				LD_RUNPATH_SEARCH_PATHS = (
					"$(inherited)",
					"@executable_path/Frameworks",
				);
				MARKETING_VERSION = 1.0;
				PRODUCT_BUNDLE_IDENTIFIER = com.nsharifova.MyCountryApp;
				PRODUCT_NAME = "$(TARGET_NAME)";
				SWIFT_EMIT_LOC_STRINGS = YES;
				SWIFT_VERSION = 5.0;
				TARGETED_DEVICE_FAMILY = "1,2";
			};
			name = Debug;
		};
		8196467A2C96CA1000187231 /* Release */ = {
			isa = XCBuildConfiguration;
			buildSettings = {
				ASSETCATALOG_COMPILER_APPICON_NAME = AppIcon;
				ASSETCATALOG_COMPILER_GLOBAL_ACCENT_COLOR_NAME = AccentColor;
				CODE_SIGN_STYLE = Automatic;
				CURRENT_PROJECT_VERSION = 1;
				GENERATE_INFOPLIST_FILE = YES;
				INFOPLIST_FILE = MyCountryApp/Info.plist;
				INFOPLIST_KEY_UIApplicationSupportsIndirectInputEvents = YES;
				INFOPLIST_KEY_UILaunchStoryboardName = LaunchScreen;
				INFOPLIST_KEY_UIMainStoryboardFile = Main;
				INFOPLIST_KEY_UISupportedInterfaceOrientations_iPad = "UIInterfaceOrientationPortrait UIInterfaceOrientationPortraitUpsideDown UIInterfaceOrientationLandscapeLeft UIInterfaceOrientationLandscapeRight";
				INFOPLIST_KEY_UISupportedInterfaceOrientations_iPhone = "UIInterfaceOrientationPortrait UIInterfaceOrientationLandscapeLeft UIInterfaceOrientationLandscapeRight";
				LD_RUNPATH_SEARCH_PATHS = (
					"$(inherited)",
					"@executable_path/Frameworks",
				);
				MARKETING_VERSION = 1.0;
				PRODUCT_BUNDLE_IDENTIFIER = com.nsharifova.MyCountryApp;
				PRODUCT_NAME = "$(TARGET_NAME)";
				SWIFT_EMIT_LOC_STRINGS = YES;
				SWIFT_VERSION = 5.0;
				TARGETED_DEVICE_FAMILY = "1,2";
			};
			name = Release;
		};
/* End XCBuildConfiguration section */

/* Begin XCConfigurationList section */
		8196465F2C96CA0F00187231 /* Build configuration list for PBXProject "MyCountryApp" */ = {
			isa = XCConfigurationList;
			buildConfigurations = (
				819646762C96CA1000187231 /* Debug */,
				819646772C96CA1000187231 /* Release */,
			);
			defaultConfigurationIsVisible = 0;
			defaultConfigurationName = Release;
		};
		819646782C96CA1000187231 /* Build configuration list for PBXNativeTarget "MyCountryApp" */ = {
			isa = XCConfigurationList;
			buildConfigurations = (
				819646792C96CA1000187231 /* Debug */,
				8196467A2C96CA1000187231 /* Release */,
			);
			defaultConfigurationIsVisible = 0;
			defaultConfigurationName = Release;
		};
/* End XCConfigurationList section */
	};
	rootObject = 8196465C2C96CA0F00187231 /* Project object */;
}
